
Microsoft Visual Studio Solution File, Format Version 12.00
# Visual Studio Version 18
VisualStudioVersion = 18.2.11415.280 d18.0
MinimumVisualStudioVersion = 10.0.40219.1
Project("{FAE04EC0-301F-11D3-BF4B-00C04F79EFBC}") = "LinksAndMore", "LinksAndMore.csproj", "{ADE12F5F-8048-BA8D-6E43-8AA60699215E}"
EndProject
Global
	GlobalSection(SolutionConfigurationPlatforms) = preSolution
		Debug|Any CPU = Debug|Any CPU
		Release|Any CPU = Release|Any CPU
	EndGlobalSection
	GlobalSection(ProjectConfigurationPlatforms) = postSolution
		{ADE12F5F-8048-BA8D-6E43-8AA60699215E}.Debug|Any CPU.ActiveCfg = Debug|Any CPU
		{ADE12F5F-8048-BA8D-6E43-8AA60699215E}.Debug|Any CPU.Build.0 = Debug|Any CPU
		{ADE12F5F-8048-BA8D-6E43-8AA60699215E}.Release|Any CPU.ActiveCfg = Release|Any CPU
		{ADE12F5F-8048-BA8D-6E43-8AA60699215E}.Release|Any CPU.Build.0 = Release|Any CPU
	EndGlobalSection
	GlobalSection(SolutionProperties) = preSolution
		HideSolutionNode = FALSE
	EndGlobalSection
	GlobalSection(ExtensibilityGlobals) = postSolution
		SolutionGuid = {A88C04B8-F46F-4386-92FE-FEFD7665AC1F}
	EndGlobalSection
EndGlobal
